
Microsoft Visual Studio Solution File, Format Version 12.00
# Visual Studio Version 17
VisualStudioVersion = 17.5.33414.496
MinimumVisualStudioVersion = 10.0.40219.1
Project("{FAE04EC0-301F-11D3-BF4B-00C04F79EFBC}") = "ProyectoFinal", "ProyectoFinal.csproj", "{C4019286-0ADE-4711-A9B7-362B00C2E1A6}"
EndProject
Project("{FAE04EC0-301F-11D3-BF4B-00C04F79EFBC}") = "ClaseObjeto", "..\Rata\ClaseObjeto.csproj", "{C38F3FFC-3487-4A8E-886C-27EF713AF80E}"
EndProject
Global
	GlobalSection(SolutionConfigurationPlatforms) = preSolution
		Debug|Any CPU = Debug|Any CPU
		Release|Any CPU = Release|Any CPU
	EndGlobalSection
	GlobalSection(ProjectConfigurationPlatforms) = postSolution
		{C4019286-0ADE-4711-A9B7-362B00C2E1A6}.Debug|Any CPU.ActiveCfg = Debug|Any CPU
		{C4019286-0ADE-4711-A9B7-362B00C2E1A6}.Debug|Any CPU.Build.0 = Debug|Any CPU
		{C4019286-0ADE-4711-A9B7-362B00C2E1A6}.Release|Any CPU.ActiveCfg = Release|Any CPU
		{C4019286-0ADE-4711-A9B7-362B00C2E1A6}.Release|Any CPU.Build.0 = Release|Any CPU
		{C38F3FFC-3487-4A8E-886C-27EF713AF80E}.Debug|Any CPU.ActiveCfg = Debug|Any CPU
		{C38F3FFC-3487-4A8E-886C-27EF713AF80E}.Debug|Any CPU.Build.0 = Debug|Any CPU
		{C38F3FFC-3487-4A8E-886C-27EF713AF80E}.Release|Any CPU.ActiveCfg = Release|Any CPU
		{C38F3FFC-3487-4A8E-886C-27EF713AF80E}.Release|Any CPU.Build.0 = Release|Any CPU
	EndGlobalSection
	GlobalSection(SolutionProperties) = preSolution
		HideSolutionNode = FALSE
	EndGlobalSection
	GlobalSection(ExtensibilityGlobals) = postSolution
		SolutionGuid = {B869BDEF-64EA-4E54-9F4F-269DC1119173}
	EndGlobalSection
EndGlobal
